[[package]]
name = "snarc"
version = "0.2.0"
source = "git+https://github.com/mbr/snarc-rs?branch=c0gent-unsized#4dd01f237340393a682eccea61aecc8e970ab136"

[[package]]
name = "snarc-cast-ex"
version = "0.1.0"
dependencies = [
 "snarc 0.2.0 (git+https://github.com/mbr/snarc-rs?branch=c0gent-unsized)",
]

[metadata]
"checksum snarc 0.2.0 (git+https://github.com/mbr/snarc-rs?branch=c0gent-unsized)" = "<none>"
